{
  "name": "codeweb",
  "version": "1.0.0",
  "lockfileVersion": 1,
  "requires": true,
  "dependencies": {
    "number-to-words": {
      "version": "1.2.3",
      "resolved": "https://registry.npmjs.org/number-to-words/-/number-to-words-1.2.3.tgz",
      "integrity": "sha1-S3E6sMJAFZERh6CgO1kQNWnX9Js="
    }
  }
}
